
Microsoft Visual Studio Solution File, Format Version 12.00
# Visual Studio Version 16
VisualStudioVersion = 16.0.31205.134
MinimumVisualStudioVersion = 10.0.40219.1
Project("{9A19103F-16F7-4668-BE54-9A1E7A4F7556}") = "engine", "engine.csproj", "{C17A83D2-CF1D-4EED-87CF-6D110063795E}"
EndProject
Global
	GlobalSection(SolutionConfigurationPlatforms) = preSolution
		Debug|Any CPU = Debug|Any CPU
		Release|Any CPU = Release|Any CPU
	EndGlobalSection
	GlobalSection(ProjectConfigurationPlatforms) = postSolution
		{C17A83D2-CF1D-4EED-87CF-6D110063795E}.Debug|Any CPU.ActiveCfg = Debug|Any CPU
		{C17A83D2-CF1D-4EED-87CF-6D110063795E}.Debug|Any CPU.Build.0 = Debug|Any CPU
		{C17A83D2-CF1D-4EED-87CF-6D110063795E}.Release|Any CPU.ActiveCfg = Release|Any CPU
		{C17A83D2-CF1D-4EED-87CF-6D110063795E}.Release|Any CPU.Build.0 = Release|Any CPU
	EndGlobalSection
	GlobalSection(SolutionProperties) = preSolution
		HideSolutionNode = FALSE
	EndGlobalSection
	GlobalSection(ExtensibilityGlobals) = postSolution
		SolutionGuid = {6DFB8EFE-96BF-4B02-B33A-23B24D2FC607}
	EndGlobalSection
EndGlobal
